
Microsoft Visual Studio Solution File, Format Version 11.00
# Visual Studio 2010
Project("{FAE04EC0-301F-11D3-BF4B-00C04F79EFBC}") = "CoreSearch", "CoreSearch\CoreSearch.csproj", "{D4CD03FE-1D8B-4D06-A7A4-97CC7966ECD4}"
EndProject
Global
	GlobalSection(SolutionConfigurationPlatforms) = preSolution
		Debug|Any CPU = Debug|Any CPU
		Release|Any CPU = Release|Any CPU
	EndGlobalSection
	GlobalSection(ProjectConfigurationPlatforms) = postSolution
		{D4CD03FE-1D8B-4D06-A7A4-97CC7966ECD4}.Debug|Any CPU.ActiveCfg = Debug|Any CPU
		{D4CD03FE-1D8B-4D06-A7A4-97CC7966ECD4}.Debug|Any CPU.Build.0 = Debug|Any CPU
		{D4CD03FE-1D8B-4D06-A7A4-97CC7966ECD4}.Release|Any CPU.ActiveCfg = Release|Any CPU
		{D4CD03FE-1D8B-4D06-A7A4-97CC7966ECD4}.Release|Any CPU.Build.0 = Release|Any CPU
	EndGlobalSection
	GlobalSection(MonoDevelopProperties) = preSolution
		StartupItem = CoreSearch\CoreSearch.csproj
		Policies = $0
		$0.DotNetNamingPolicy = $1
		$1.DirectoryNamespaceAssociation = None
		$1.ResourceNamePolicy = MSBuild
	EndGlobalSection
EndGlobal
